
Microsoft Visual Studio Solution File, Format Version 12.00
# Visual Studio Version 17
VisualStudioVersion = 17.9.34728.123
MinimumVisualStudioVersion = 10.0.40219.1
Project("{FAE04EC0-301F-11D3-BF4B-00C04F79EFBC}") = "HasanKhan-Lab3-COMP306", "HasanKhan-Lab3-COMP306\HasanKhan-Lab3-COMP306.csproj", "{A3632135-9B81-44E4-8BB1-B5F9DD9E8089}"
EndProject
Global
	GlobalSection(SolutionConfigurationPlatforms) = preSolution
		Debug|Any CPU = Debug|Any CPU
		Release|Any CPU = Release|Any CPU
	EndGlobalSection
	GlobalSection(ProjectConfigurationPlatforms) = postSolution
		{A3632135-9B81-44E4-8BB1-B5F9DD9E8089}.Debug|Any CPU.ActiveCfg = Debug|Any CPU
		{A3632135-9B81-44E4-8BB1-B5F9DD9E8089}.Debug|Any CPU.Build.0 = Debug|Any CPU
		{A3632135-9B81-44E4-8BB1-B5F9DD9E8089}.Release|Any CPU.ActiveCfg = Release|Any CPU
		{A3632135-9B81-44E4-8BB1-B5F9DD9E8089}.Release|Any CPU.Build.0 = Release|Any CPU
	EndGlobalSection
	GlobalSection(SolutionProperties) = preSolution
		HideSolutionNode = FALSE
	EndGlobalSection
	GlobalSection(ExtensibilityGlobals) = postSolution
		SolutionGuid = {A30EF567-A785-4F2D-A6BC-503B257D9FEF}
	EndGlobalSection
EndGlobal
